
Microsoft Visual Studio Solution File, Format Version 12.00
# Visual Studio Version 16
VisualStudioVersion = 16.0.32428.217
MinimumVisualStudioVersion = 10.0.40219.1
Project("{FAE04EC0-301F-11D3-BF4B-00C04F79EFBC}") = "WebAPI", "WebAPI.csproj", "{A69BD5E8-2248-4B70-A7CA-9A41DF971041}"
EndProject
Global
	GlobalSection(SolutionConfigurationPlatforms) = preSolution
		Debug|Any CPU = Debug|Any CPU
		Release|Any CPU = Release|Any CPU
	EndGlobalSection
	GlobalSection(ProjectConfigurationPlatforms) = postSolution
		{A69BD5E8-2248-4B70-A7CA-9A41DF971041}.Debug|Any CPU.ActiveCfg = Debug|Any CPU
		{A69BD5E8-2248-4B70-A7CA-9A41DF971041}.Debug|Any CPU.Build.0 = Debug|Any CPU
		{A69BD5E8-2248-4B70-A7CA-9A41DF971041}.Release|Any CPU.ActiveCfg = Release|Any CPU
		{A69BD5E8-2248-4B70-A7CA-9A41DF971041}.Release|Any CPU.Build.0 = Release|Any CPU
	EndGlobalSection
	GlobalSection(SolutionProperties) = preSolution
		HideSolutionNode = FALSE
	EndGlobalSection
	GlobalSection(ExtensibilityGlobals) = postSolution
		SolutionGuid = {127226DC-C3E3-43A6-8DB6-900E11496DDD}
	EndGlobalSection
EndGlobal
